// !$*UTF8*$!
{
	archiveVersion = 1;
	classes = {
	};
	objectVersion = 56;
	objects = {

/* Begin PBXBuildFile section */
		6B0E87F92AF6B9320061491E /* FormInputViewModel.swift in Sources */ = {isa = PBXBuildFile; fileRef = 6B0E87F82AF6B9320061491E /* FormInputViewModel.swift */; };
		6B0E87FB2AF6B9930061491E /* TextInputViewModel.swift in Sources */ = {isa = PBXBuildFile; fileRef = 6B0E87FA2AF6B9930061491E /* TextInputViewModel.swift */; };
		6B0E87FD2AF6B9BC0061491E /* CurrencyInputViewModel.swift in Sources */ = {isa = PBXBuildFile; fileRef = 6B0E87FC2AF6B9BC0061491E /* CurrencyInputViewModel.swift */; };
		6B0E88012AF6BA0D0061491E /* SSNInputViewModel.swift in Sources */ = {isa = PBXBuildFile; fileRef = 6B0E88002AF6BA0D0061491E /* SSNInputViewModel.swift */; };
		6B0E88032AF6BA350061491E /* DOBInputViewModel.swift in Sources */ = {isa = PBXBuildFile; fileRef = 6B0E88022AF6BA350061491E /* DOBInputViewModel.swift */; };
		6B0E88052AF6BA560061491E /* PickerInputViewModel.swift in Sources */ = {isa = PBXBuildFile; fileRef = 6B0E88042AF6BA560061491E /* PickerInputViewModel.swift */; };
		6B0E88072AF6BA830061491E /* CheckBoxInputViewModel.swift in Sources */ = {isa = PBXBuildFile; fileRef = 6B0E88062AF6BA830061491E /* CheckBoxInputViewModel.swift */; };
		6B0E88092AF6BBF20061491E /* TextInputView.swift in Sources */ = {isa = PBXBuildFile; fileRef = 6B0E88082AF6BBF20061491E /* TextInputView.swift */; };
		6B0E880B2AF6BC050061491E /* CurrencyInputView.swift in Sources */ = {isa = PBXBuildFile; fileRef = 6B0E880A2AF6BC050061491E /* CurrencyInputView.swift */; };
		6B0E880F2AF6BC380061491E /* SSNInputView.swift in Sources */ = {isa = PBXBuildFile; fileRef = 6B0E880E2AF6BC380061491E /* SSNInputView.swift */; };
		6B0E88112AF6BC450061491E /* DOBInputView.swift in Sources */ = {isa = PBXBuildFile; fileRef = 6B0E88102AF6BC450061491E /* DOBInputView.swift */; };
		6B0E88132AF6BC520061491E /* PickerInputView.swift in Sources */ = {isa = PBXBuildFile; fileRef = 6B0E88122AF6BC520061491E /* PickerInputView.swift */; };
		6B0E88152AF6BC630061491E /* CheckBoxInputView.swift in Sources */ = {isa = PBXBuildFile; fileRef = 6B0E88142AF6BC630061491E /* CheckBoxInputView.swift */; };
		6B5C6C872AEEB5F500D88079 /* StateraApp.swift in Sources */ = {isa = PBXBuildFile; fileRef = 6B5C6C862AEEB5F500D88079 /* StateraApp.swift */; };
		6B5C6C892AEEB5F500D88079 /* ContentView.swift in Sources */ = {isa = PBXBuildFile; fileRef = 6B5C6C882AEEB5F500D88079 /* ContentView.swift */; };
		6B5C6C8B2AEEB5F500D88079 /* Assets.xcassets in Resources */ = {isa = PBXBuildFile; fileRef = 6B5C6C8A2AEEB5F500D88079 /* Assets.xcassets */; };
		6B5C6C8F2AEEB5F500D88079 /* Preview Assets.xcassets in Resources */ = {isa = PBXBuildFile; fileRef = 6B5C6C8E2AEEB5F500D88079 /* Preview Assets.xcassets */; };
		6B5C6C992AEEB5F500D88079 /* StateraTests.swift in Sources */ = {isa = PBXBuildFile; fileRef = 6B5C6C982AEEB5F500D88079 /* StateraTests.swift */; };
		6B5C6CA32AEEB5F500D88079 /* StateraUITests.swift in Sources */ = {isa = PBXBuildFile; fileRef = 6B5C6CA22AEEB5F500D88079 /* StateraUITests.swift */; };
		6B5C6CA52AEEB5F500D88079 /* StateraUITestsLaunchTests.swift in Sources */ = {isa = PBXBuildFile; fileRef = 6B5C6CA42AEEB5F500D88079 /* StateraUITestsLaunchTests.swift */; };
		6B6BABFD2B33B734008C72AB /* FirebaseAnalytics in Frameworks */ = {isa = PBXBuildFile; productRef = 6B6BABFC2B33B734008C72AB /* FirebaseAnalytics */; };
		6B6BABFF2B33B734008C72AB /* FirebaseAuth in Frameworks */ = {isa = PBXBuildFile; productRef = 6B6BABFE2B33B734008C72AB /* FirebaseAuth */; };
		6B6BAC012B33B734008C72AB /* FirebaseFirestore in Frameworks */ = {isa = PBXBuildFile; productRef = 6B6BAC002B33B734008C72AB /* FirebaseFirestore */; };
		6B6BAC032B33B734008C72AB /* FirebaseFirestoreSwift in Frameworks */ = {isa = PBXBuildFile; productRef = 6B6BAC022B33B734008C72AB /* FirebaseFirestoreSwift */; };
		6B6BAC052B33C4F6008C72AB /* GoogleService-Info.plist in Resources */ = {isa = PBXBuildFile; fileRef = 6B6BAC042B33C4F6008C72AB /* GoogleService-Info.plist */; };
		6B6BAC062B33C4F6008C72AB /* GoogleService-Info.plist in Resources */ = {isa = PBXBuildFile; fileRef = 6B6BAC042B33C4F6008C72AB /* GoogleService-Info.plist */; };
		6B6BAC072B33C4F6008C72AB /* GoogleService-Info.plist in Resources */ = {isa = PBXBuildFile; fileRef = 6B6BAC042B33C4F6008C72AB /* GoogleService-Info.plist */; };
		6B83DCC92AFF008F0000473F /* LoginView.swift in Sources */ = {isa = PBXBuildFile; fileRef = 6B83DCC82AFF008F0000473F /* LoginView.swift */; };
		6B83DCCD2AFF01530000473F /* PrimaryButton.swift in Sources */ = {isa = PBXBuildFile; fileRef = 6B83DCCC2AFF01530000473F /* PrimaryButton.swift */; };
		6B83DCCF2AFF015F0000473F /* SecondaryButton.swift in Sources */ = {isa = PBXBuildFile; fileRef = 6B83DCCE2AFF015F0000473F /* SecondaryButton.swift */; };
		6B83DCD12AFF03FE0000473F /* PasswordInputView.swift in Sources */ = {isa = PBXBuildFile; fileRef = 6B83DCD02AFF03FE0000473F /* PasswordInputView.swift */; };
		6B83DCD32AFF09840000473F /* CreateAccountScreen.swift in Sources */ = {isa = PBXBuildFile; fileRef = 6B83DCD22AFF09840000473F /* CreateAccountScreen.swift */; };
		6B83DCD52AFF0E9B0000473F /* HomeScreen.swift in Sources */ = {isa = PBXBuildFile; fileRef = 6B83DCD42AFF0E9A0000473F /* HomeScreen.swift */; };
		6B9133A02B292A1400EB91E1 /* EmailInputView.swift in Sources */ = {isa = PBXBuildFile; fileRef = 6B91339F2B292A1400EB91E1 /* EmailInputView.swift */; };
		6B9133A22B292A4600EB91E1 /* EmailInputViewModel.swift in Sources */ = {isa = PBXBuildFile; fileRef = 6B9133A12B292A4600EB91E1 /* EmailInputViewModel.swift */; };
		6B9133A42B292CBC00EB91E1 /* PasswordInputViewModel.swift in Sources */ = {isa = PBXBuildFile; fileRef = 6B9133A32B292CBC00EB91E1 /* PasswordInputViewModel.swift */; };
		6B9133A62B292FC800EB91E1 /* LoginViewModel.swift in Sources */ = {isa = PBXBuildFile; fileRef = 6B9133A52B292FC800EB91E1 /* LoginViewModel.swift */; };
		6BA41CF32B1ECCD60000A260 /* FormScreenView.swift in Sources */ = {isa = PBXBuildFile; fileRef = 6BA41CF22B1ECCD60000A260 /* FormScreenView.swift */; };
		6BA41CF62B1ECE7B0000A260 /* FormScreenViewModel.swift in Sources */ = {isa = PBXBuildFile; fileRef = 6BA41CF52B1ECE7B0000A260 /* FormScreenViewModel.swift */; };
/* End PBXBuildFile section */

/* Begin PBXContainerItemProxy section */
		6B5C6C952AEEB5F500D88079 /* PBXContainerItemProxy */ = {
			isa = PBXContainerItemProxy;
			containerPortal = 6B5C6C7B2AEEB5F500D88079 /* Project object */;
			proxyType = 1;
			remoteGlobalIDString = 6B5C6C822AEEB5F500D88079;
			remoteInfo = Statera;
		};
		6B5C6C9F2AEEB5F500D88079 /* PBXContainerItemProxy */ = {
			isa = PBXContainerItemProxy;
			containerPortal = 6B5C6C7B2AEEB5F500D88079 /* Project object */;
			proxyType = 1;
			remoteGlobalIDString = 6B5C6C822AEEB5F500D88079;
			remoteInfo = Statera;
		};
/* End PBXContainerItemProxy section */

/* Begin PBXFileReference section */
		6B0E87F82AF6B9320061491E /* FormInputViewModel.swift */ = {isa = PBXFileReference; lastKnownFileType = sourcecode.swift; path = FormInputViewModel.swift; sourceTree = "<group>"; };
		6B0E87FA2AF6B9930061491E /* TextInputViewModel.swift */ = {isa = PBXFileReference; lastKnownFileType = sourcecode.swift; path = TextInputViewModel.swift; sourceTree = "<group>"; };
		6B0E87FC2AF6B9BC0061491E /* CurrencyInputViewModel.swift */ = {isa = PBXFileReference; lastKnownFileType = sourcecode.swift; path = CurrencyInputViewModel.swift; sourceTree = "<group>"; };
		6B0E88002AF6BA0D0061491E /* SSNInputViewModel.swift */ = {isa = PBXFileReference; lastKnownFileType = sourcecode.swift; path = SSNInputViewModel.swift; sourceTree = "<group>"; };
		6B0E88022AF6BA350061491E /* DOBInputViewModel.swift */ = {isa = PBXFileReference; lastKnownFileType = sourcecode.swift; path = DOBInputViewModel.swift; sourceTree = "<group>"; };
		6B0E88042AF6BA560061491E /* PickerInputViewModel.swift */ = {isa = PBXFileReference; lastKnownFileType = sourcecode.swift; path = PickerInputViewModel.swift; sourceTree = "<group>"; };
		6B0E88062AF6BA830061491E /* CheckBoxInputViewModel.swift */ = {isa = PBXFileReference; lastKnownFileType = sourcecode.swift; path = CheckBoxInputViewModel.swift; sourceTree = "<group>"; };
		6B0E88082AF6BBF20061491E /* TextInputView.swift */ = {isa = PBXFileReference; lastKnownFileType = sourcecode.swift; path = TextInputView.swift; sourceTree = "<group>"; };
		6B0E880A2AF6BC050061491E /* CurrencyInputView.swift */ = {isa = PBXFileReference; lastKnownFileType = sourcecode.swift; path = CurrencyInputView.swift; sourceTree = "<group>"; };
		6B0E880E2AF6BC380061491E /* SSNInputView.swift */ = {isa = PBXFileReference; lastKnownFileType = sourcecode.swift; path = SSNInputView.swift; sourceTree = "<group>"; };
		6B0E88102AF6BC450061491E /* DOBInputView.swift */ = {isa = PBXFileReference; lastKnownFileType = sourcecode.swift; path = DOBInputView.swift; sourceTree = "<group>"; };
		6B0E88122AF6BC520061491E /* PickerInputView.swift */ = {isa = PBXFileReference; lastKnownFileType = sourcecode.swift; path = PickerInputView.swift; sourceTree = "<group>"; };
		6B0E88142AF6BC630061491E /* CheckBoxInputView.swift */ = {isa = PBXFileReference; lastKnownFileType = sourcecode.swift; path = CheckBoxInputView.swift; sourceTree = "<group>"; };
		6B5C6C832AEEB5F500D88079 /* Statera.app */ = {isa = PBXFileReference; explicitFileType = wrapper.application; includeInIndex = 0; path = Statera.app; sourceTree = BUILT_PRODUCTS_DIR; };
		6B5C6C862AEEB5F500D88079 /* StateraApp.swift */ = {isa = PBXFileReference; lastKnownFileType = sourcecode.swift; path = StateraApp.swift; sourceTree = "<group>"; };
		6B5C6C882AEEB5F500D88079 /* ContentView.swift */ = {isa = PBXFileReference; lastKnownFileType = sourcecode.swift; path = ContentView.swift; sourceTree = "<group>"; };
		6B5C6C8A2AEEB5F500D88079 /* Assets.xcassets */ = {isa = PBXFileReference; lastKnownFileType = folder.assetcatalog; path = Assets.xcassets; sourceTree = "<group>"; };
		6B5C6C8C2AEEB5F500D88079 /* Statera.entitlements */ = {isa = PBXFileReference; lastKnownFileType = text.plist.entitlements; path = Statera.entitlements; sourceTree = "<group>"; };
		6B5C6C8E2AEEB5F500D88079 /* Preview Assets.xcassets */ = {isa = PBXFileReference; lastKnownFileType = folder.assetcatalog; path = "Preview Assets.xcassets"; sourceTree = "<group>"; };
		6B5C6C942AEEB5F500D88079 /* StateraTests.xctest */ = {isa = PBXFileReference; explicitFileType = wrapper.cfbundle; includeInIndex = 0; path = StateraTests.xctest; sourceTree = BUILT_PRODUCTS_DIR; };
		6B5C6C982AEEB5F500D88079 /* StateraTests.swift */ = {isa = PBXFileReference; lastKnownFileType = sourcecode.swift; path = StateraTests.swift; sourceTree = "<group>"; };
		6B5C6C9E2AEEB5F500D88079 /* StateraUITests.xctest */ = {isa = PBXFileReference; explicitFileType = wrapper.cfbundle; includeInIndex = 0; path = StateraUITests.xctest; sourceTree = BUILT_PRODUCTS_DIR; };
		6B5C6CA22AEEB5F500D88079 /* StateraUITests.swift */ = {isa = PBXFileReference; lastKnownFileType = sourcecode.swift; path = StateraUITests.swift; sourceTree = "<group>"; };
		6B5C6CA42AEEB5F500D88079 /* StateraUITestsLaunchTests.swift */ = {isa = PBXFileReference; lastKnownFileType = sourcecode.swift; path = StateraUITestsLaunchTests.swift; sourceTree = "<group>"; };
		6B6BAC042B33C4F6008C72AB /* GoogleService-Info.plist */ = {isa = PBXFileReference; fileEncoding = 4; lastKnownFileType = text.plist.xml; path = "GoogleService-Info.plist"; sourceTree = "<group>"; };
		6B83DCC82AFF008F0000473F /* LoginView.swift */ = {isa = PBXFileReference; lastKnownFileType = sourcecode.swift; path = LoginView.swift; sourceTree = "<group>"; };
		6B83DCCC2AFF01530000473F /* PrimaryButton.swift */ = {isa = PBXFileReference; lastKnownFileType = sourcecode.swift; path = PrimaryButton.swift; sourceTree = "<group>"; };
		6B83DCCE2AFF015F0000473F /* SecondaryButton.swift */ = {isa = PBXFileReference; lastKnownFileType = sourcecode.swift; path = SecondaryButton.swift; sourceTree = "<group>"; };
		6B83DCD02AFF03FE0000473F /* PasswordInputView.swift */ = {isa = PBXFileReference; lastKnownFileType = sourcecode.swift; path = PasswordInputView.swift; sourceTree = "<group>"; };
		6B83DCD22AFF09840000473F /* CreateAccountScreen.swift */ = {isa = PBXFileReference; lastKnownFileType = sourcecode.swift; path = CreateAccountScreen.swift; sourceTree = "<group>"; };
		6B83DCD42AFF0E9A0000473F /* HomeScreen.swift */ = {isa = PBXFileReference; lastKnownFileType = sourcecode.swift; path = HomeScreen.swift; sourceTree = "<group>"; };
		6B91339F2B292A1400EB91E1 /* EmailInputView.swift */ = {isa = PBXFileReference; lastKnownFileType = sourcecode.swift; path = EmailInputView.swift; sourceTree = "<group>"; };
		6B9133A12B292A4600EB91E1 /* EmailInputViewModel.swift */ = {isa = PBXFileReference; lastKnownFileType = sourcecode.swift; path = EmailInputViewModel.swift; sourceTree = "<group>"; };
		6B9133A32B292CBC00EB91E1 /* PasswordInputViewModel.swift */ = {isa = PBXFileReference; lastKnownFileType = sourcecode.swift; path = PasswordInputViewModel.swift; sourceTree = "<group>"; };
		6B9133A52B292FC800EB91E1 /* LoginViewModel.swift */ = {isa = PBXFileReference; lastKnownFileType = sourcecode.swift; path = LoginViewModel.swift; sourceTree = "<group>"; };
		6BA41CF22B1ECCD60000A260 /* FormScreenView.swift */ = {isa = PBXFileReference; lastKnownFileType = sourcecode.swift; path = FormScreenView.swift; sourceTree = "<group>"; };
		6BA41CF52B1ECE7B0000A260 /* FormScreenViewModel.swift */ = {isa = PBXFileReference; lastKnownFileType = sourcecode.swift; path = FormScreenViewModel.swift; sourceTree = "<group>"; };
/* End PBXFileReference section */

/* Begin PBXFrameworksBuildPhase section */
		6B5C6C802AEEB5F500D88079 /* Frameworks */ = {
			isa = PBXFrameworksBuildPhase;
			buildActionMask = 2147483647;
			files = (
				6B6BABFD2B33B734008C72AB /* FirebaseAnalytics in Frameworks */,
				6B6BABFF2B33B734008C72AB /* FirebaseAuth in Frameworks */,
				6B6BAC012B33B734008C72AB /* FirebaseFirestore in Frameworks */,
				6B6BAC032B33B734008C72AB /* FirebaseFirestoreSwift in Frameworks */,
			);
			runOnlyForDeploymentPostprocessing = 0;
		};
		6B5C6C912AEEB5F500D88079 /* Frameworks */ = {
			isa = PBXFrameworksBuildPhase;
			buildActionMask = 2147483647;
			files = (
			);
			runOnlyForDeploymentPostprocessing = 0;
		};
		6B5C6C9B2AEEB5F500D88079 /* Frameworks */ = {
			isa = PBXFrameworksBuildPhase;
			buildActionMask = 2147483647;
			files = (
			);
			runOnlyForDeploymentPostprocessing = 0;
		};
/* End PBXFrameworksBuildPhase section */

/* Begin PBXGroup section */
		6B0E87F52AF6B7A50061491E /* FormInputs */ = {
			isa = PBXGroup;
			children = (
				6B0E87F72AF6B7BD0061491E /* FormInputViewModels */,
				6B0E87F62AF6B7B20061491E /* FormInputViews */,
			);
			path = FormInputs;
			sourceTree = "<group>";
		};
		6B0E87F62AF6B7B20061491E /* FormInputViews */ = {
			isa = PBXGroup;
			children = (
				6B0E88082AF6BBF20061491E /* TextInputView.swift */,
				6B0E880A2AF6BC050061491E /* CurrencyInputView.swift */,
				6B0E880E2AF6BC380061491E /* SSNInputView.swift */,
				6B0E88102AF6BC450061491E /* DOBInputView.swift */,
				6B0E88122AF6BC520061491E /* PickerInputView.swift */,
				6B0E88142AF6BC630061491E /* CheckBoxInputView.swift */,
				6B83DCD02AFF03FE0000473F /* PasswordInputView.swift */,
				6B91339F2B292A1400EB91E1 /* EmailInputView.swift */,
			);
			path = FormInputViews;
			sourceTree = "<group>";
		};
		6B0E87F72AF6B7BD0061491E /* FormInputViewModels */ = {
			isa = PBXGroup;
			children = (
				6B0E87F82AF6B9320061491E /* FormInputViewModel.swift */,
				6B0E87FA2AF6B9930061491E /* TextInputViewModel.swift */,
				6B0E87FC2AF6B9BC0061491E /* CurrencyInputViewModel.swift */,
				6B0E88002AF6BA0D0061491E /* SSNInputViewModel.swift */,
				6B0E88022AF6BA350061491E /* DOBInputViewModel.swift */,
				6B0E88042AF6BA560061491E /* PickerInputViewModel.swift */,
				6B0E88062AF6BA830061491E /* CheckBoxInputViewModel.swift */,
				6B9133A12B292A4600EB91E1 /* EmailInputViewModel.swift */,
				6B9133A32B292CBC00EB91E1 /* PasswordInputViewModel.swift */,
			);
			path = FormInputViewModels;
			sourceTree = "<group>";
		};
		6B5C6C7A2AEEB5F500D88079 = {
			isa = PBXGroup;
			children = (
				6B6BAC042B33C4F6008C72AB /* GoogleService-Info.plist */,
				6B5C6C852AEEB5F500D88079 /* Statera */,
				6B5C6C972AEEB5F500D88079 /* StateraTests */,
				6B5C6CA12AEEB5F500D88079 /* StateraUITests */,
				6B5C6C842AEEB5F500D88079 /* Products */,
			);
			sourceTree = "<group>";
		};
		6B5C6C842AEEB5F500D88079 /* Products */ = {
			isa = PBXGroup;
			children = (
				6B5C6C832AEEB5F500D88079 /* Statera.app */,
				6B5C6C942AEEB5F500D88079 /* StateraTests.xctest */,
				6B5C6C9E2AEEB5F500D88079 /* StateraUITests.xctest */,
			);
			name = Products;
			sourceTree = "<group>";
		};
		6B5C6C852AEEB5F500D88079 /* Statera */ = {
			isa = PBXGroup;
			children = (
				6B83DCC72AFF00730000473F /* UI */,
				6B5C6C862AEEB5F500D88079 /* StateraApp.swift */,
				6B5C6C882AEEB5F500D88079 /* ContentView.swift */,
				6B5C6C8A2AEEB5F500D88079 /* Assets.xcassets */,
				6B5C6C8C2AEEB5F500D88079 /* Statera.entitlements */,
				6B5C6C8D2AEEB5F500D88079 /* Preview Content */,
			);
			path = Statera;
			sourceTree = "<group>";
		};
		6B5C6C8D2AEEB5F500D88079 /* Preview Content */ = {
			isa = PBXGroup;
			children = (
				6B5C6C8E2AEEB5F500D88079 /* Preview Assets.xcassets */,
			);
			path = "Preview Content";
			sourceTree = "<group>";
		};
		6B5C6C972AEEB5F500D88079 /* StateraTests */ = {
			isa = PBXGroup;
			children = (
				6B5C6C982AEEB5F500D88079 /* StateraTests.swift */,
			);
			path = StateraTests;
			sourceTree = "<group>";
		};
		6B5C6CA12AEEB5F500D88079 /* StateraUITests */ = {
			isa = PBXGroup;
			children = (
				6B5C6CA22AEEB5F500D88079 /* StateraUITests.swift */,
				6B5C6CA42AEEB5F500D88079 /* StateraUITestsLaunchTests.swift */,
			);
			path = StateraUITests;
			sourceTree = "<group>";
		};
		6B83DCC72AFF00730000473F /* UI */ = {
			isa = PBXGroup;
			children = (
				6BA41CF42B1ECE640000A260 /* ViewModels */,
				6B83DCCB2AFF01240000473F /* Components */,
				6B83DCCA2AFF00EB0000473F /* Screens */,
				6B0E87F52AF6B7A50061491E /* FormInputs */,
			);
			path = UI;
			sourceTree = "<group>";
		};
		6B83DCCA2AFF00EB0000473F /* Screens */ = {
			isa = PBXGroup;
			children = (
				6B83DCC82AFF008F0000473F /* LoginView.swift */,
				6B83DCD22AFF09840000473F /* CreateAccountScreen.swift */,
				6B83DCD42AFF0E9A0000473F /* HomeScreen.swift */,
				6BA41CF22B1ECCD60000A260 /* FormScreenView.swift */,
			);
			path = Screens;
			sourceTree = "<group>";
		};
		6B83DCCB2AFF01240000473F /* Components */ = {
			isa = PBXGroup;
			children = (
				6B83DCCC2AFF01530000473F /* PrimaryButton.swift */,
				6B83DCCE2AFF015F0000473F /* SecondaryButton.swift */,
			);
			path = Components;
			sourceTree = "<group>";
		};
		6BA41CF42B1ECE640000A260 /* ViewModels */ = {
			isa = PBXGroup;
			children = (
				6BA41CF52B1ECE7B0000A260 /* FormScreenViewModel.swift */,
				6B9133A52B292FC800EB91E1 /* LoginViewModel.swift */,
			);
			path = ViewModels;
			sourceTree = "<group>";
		};
/* End PBXGroup section */

/* Begin PBXNativeTarget section */
		6B5C6C822AEEB5F500D88079 /* Statera */ = {
			isa = PBXNativeTarget;
			buildConfigurationList = 6B5C6CA82AEEB5F500D88079 /* Build configuration list for PBXNativeTarget "Statera" */;
			buildPhases = (
				6B5C6C7F2AEEB5F500D88079 /* Sources */,
				6B5C6C802AEEB5F500D88079 /* Frameworks */,
				6B5C6C812AEEB5F500D88079 /* Resources */,
			);
			buildRules = (
			);
			dependencies = (
			);
			name = Statera;
			packageProductDependencies = (
				6B6BABFC2B33B734008C72AB /* FirebaseAnalytics */,
				6B6BABFE2B33B734008C72AB /* FirebaseAuth */,
				6B6BAC002B33B734008C72AB /* FirebaseFirestore */,
				6B6BAC022B33B734008C72AB /* FirebaseFirestoreSwift */,
			);
			productName = Statera;
			productReference = 6B5C6C832AEEB5F500D88079 /* Statera.app */;
			productType = "com.apple.product-type.application";
		};
		6B5C6C932AEEB5F500D88079 /* StateraTests */ = {
			isa = PBXNativeTarget;
			buildConfigurationList = 6B5C6CAB2AEEB5F500D88079 /* Build configuration list for PBXNativeTarget "StateraTests" */;
			buildPhases = (
				6B5C6C902AEEB5F500D88079 /* Sources */,
				6B5C6C912AEEB5F500D88079 /* Frameworks */,
				6B5C6C922AEEB5F500D88079 /* Resources */,
			);
			buildRules = (
			);
			dependencies = (
				6B5C6C962AEEB5F500D88079 /* PBXTargetDependency */,
			);
			name = StateraTests;
			productName = StateraTests;
			productReference = 6B5C6C942AEEB5F500D88079 /* StateraTests.xctest */;
			productType = "com.apple.product-type.bundle.unit-test";
		};
		6B5C6C9D2AEEB5F500D88079 /* StateraUITests */ = {
			isa = PBXNativeTarget;
			buildConfigurationList = 6B5C6CAE2AEEB5F500D88079 /* Build configuration list for PBXNativeTarget "StateraUITests" */;
			buildPhases = (
				6B5C6C9A2AEEB5F500D88079 /* Sources */,
				6B5C6C9B2AEEB5F500D88079 /* Frameworks */,
				6B5C6C9C2AEEB5F500D88079 /* Resources */,
			);
			buildRules = (
			);
			dependencies = (
				6B5C6CA02AEEB5F500D88079 /* PBXTargetDependency */,
			);
			name = StateraUITests;
			productName = StateraUITests;
			productReference = 6B5C6C9E2AEEB5F500D88079 /* StateraUITests.xctest */;
			productType = "com.apple.product-type.bundle.ui-testing";
		};
/* End PBXNativeTarget section */

/* Begin PBXProject section */
		6B5C6C7B2AEEB5F500D88079 /* Project object */ = {
			isa = PBXProject;
			attributes = {
				BuildIndependentTargetsInParallel = 1;
				LastSwiftUpdateCheck = 1500;
				LastUpgradeCheck = 1500;
				TargetAttributes = {
					6B5C6C822AEEB5F500D88079 = {
						CreatedOnToolsVersion = 15.0.1;
					};
					6B5C6C932AEEB5F500D88079 = {
						CreatedOnToolsVersion = 15.0.1;
						TestTargetID = 6B5C6C822AEEB5F500D88079;
					};
					6B5C6C9D2AEEB5F500D88079 = {
						CreatedOnToolsVersion = 15.0.1;
						TestTargetID = 6B5C6C822AEEB5F500D88079;
					};
				};
			};
			buildConfigurationList = 6B5C6C7E2AEEB5F500D88079 /* Build configuration list for PBXProject "Statera" */;
			compatibilityVersion = "Xcode 14.0";
			developmentRegion = en;
			hasScannedForEncodings = 0;
			knownRegions = (
				en,
				Base,
			);
			mainGroup = 6B5C6C7A2AEEB5F500D88079;
			packageReferences = (
				6B6BABFB2B33B734008C72AB /* XCRemoteSwiftPackageReference "firebase-ios-sdk" */,
			);
			productRefGroup = 6B5C6C842AEEB5F500D88079 /* Products */;
			projectDirPath = "";
			projectRoot = "";
			targets = (
				6B5C6C822AEEB5F500D88079 /* Statera */,
				6B5C6C932AEEB5F500D88079 /* StateraTests */,
				6B5C6C9D2AEEB5F500D88079 /* StateraUITests */,
			);
		};
/* End PBXProject section */

/* Begin PBXResourcesBuildPhase section */
		6B5C6C812AEEB5F500D88079 /* Resources */ = {
			isa = PBXResourcesBuildPhase;
			buildActionMask = 2147483647;
			files = (
				6B5C6C8F2AEEB5F500D88079 /* Preview Assets.xcassets in Resources */,
				6B5C6C8B2AEEB5F500D88079 /* Assets.xcassets in Resources */,
				6B6BAC052B33C4F6008C72AB /* GoogleService-Info.plist in Resources */,
			);
			runOnlyForDeploymentPostprocessing = 0;
		};
		6B5C6C922AEEB5F500D88079 /* Resources */ = {
			isa = PBXResourcesBuildPhase;
			buildActionMask = 2147483647;
			files = (
				6B6BAC062B33C4F6008C72AB /* GoogleService-Info.plist in Resources */,
			);
			runOnlyForDeploymentPostprocessing = 0;
		};
		6B5C6C9C2AEEB5F500D88079 /* Resources */ = {
			isa = PBXResourcesBuildPhase;
			buildActionMask = 2147483647;
			files = (
				6B6BAC072B33C4F6008C72AB /* GoogleService-Info.plist in Resources */,
			);
			runOnlyForDeploymentPostprocessing = 0;
		};
/* End PBXResourcesBuildPhase section */

/* Begin PBXSourcesBuildPhase section */
		6B5C6C7F2AEEB5F500D88079 /* Sources */ = {
			isa = PBXSourcesBuildPhase;
			buildActionMask = 2147483647;
			files = (
				6B83DCCF2AFF015F0000473F /* SecondaryButton.swift in Sources */,
				6B0E88072AF6BA830061491E /* CheckBoxInputViewModel.swift in Sources */,
				6B0E88152AF6BC630061491E /* CheckBoxInputView.swift in Sources */,
				6B0E88012AF6BA0D0061491E /* SSNInputViewModel.swift in Sources */,
				6B0E87FB2AF6B9930061491E /* TextInputViewModel.swift in Sources */,
				6B0E87FD2AF6B9BC0061491E /* CurrencyInputViewModel.swift in Sources */,
				6BA41CF62B1ECE7B0000A260 /* FormScreenViewModel.swift in Sources */,
				6BA41CF32B1ECCD60000A260 /* FormScreenView.swift in Sources */,
				6B9133A62B292FC800EB91E1 /* LoginViewModel.swift in Sources */,
				6B0E88032AF6BA350061491E /* DOBInputViewModel.swift in Sources */,
				6B0E88112AF6BC450061491E /* DOBInputView.swift in Sources */,
				6B9133A02B292A1400EB91E1 /* EmailInputView.swift in Sources */,
				6B5C6C892AEEB5F500D88079 /* ContentView.swift in Sources */,
				6B5C6C872AEEB5F500D88079 /* StateraApp.swift in Sources */,
				6B0E88052AF6BA560061491E /* PickerInputViewModel.swift in Sources */,
				6B0E88132AF6BC520061491E /* PickerInputView.swift in Sources */,
				6B0E880F2AF6BC380061491E /* SSNInputView.swift in Sources */,
				6B0E87F92AF6B9320061491E /* FormInputViewModel.swift in Sources */,
				6B0E880B2AF6BC050061491E /* CurrencyInputView.swift in Sources */,
				6B83DCCD2AFF01530000473F /* PrimaryButton.swift in Sources */,
				6B83DCC92AFF008F0000473F /* LoginView.swift in Sources */,
				6B9133A22B292A4600EB91E1 /* EmailInputViewModel.swift in Sources */,
				6B83DCD32AFF09840000473F /* CreateAccountScreen.swift in Sources */,
				6B9133A42B292CBC00EB91E1 /* PasswordInputViewModel.swift in Sources */,
				6B83DCD52AFF0E9B0000473F /* HomeScreen.swift in Sources */,
				6B83DCD12AFF03FE0000473F /* PasswordInputView.swift in Sources */,
				6B0E88092AF6BBF20061491E /* TextInputView.swift in Sources */,
			);
			runOnlyForDeploymentPostprocessing = 0;
		};
		6B5C6C902AEEB5F500D88079 /* Sources */ = {
			isa = PBXSourcesBuildPhase;
			buildActionMask = 2147483647;
			files = (
				6B5C6C992AEEB5F500D88079 /* StateraTests.swift in Sources */,
			);
			runOnlyForDeploymentPostprocessing = 0;
		};
		6B5C6C9A2AEEB5F500D88079 /* Sources */ = {
			isa = PBXSourcesBuildPhase;
			buildActionMask = 2147483647;
			files = (
				6B5C6CA32AEEB5F500D88079 /* StateraUITests.swift in Sources */,
				6B5C6CA52AEEB5F500D88079 /* StateraUITestsLaunchTests.swift in Sources */,
			);
			runOnlyForDeploymentPostprocessing = 0;
		};
/* End PBXSourcesBuildPhase section */

/* Begin PBXTargetDependency section */
		6B5C6C962AEEB5F500D88079 /* PBXTargetDependency */ = {
			isa = PBXTargetDependency;
			target = 6B5C6C822AEEB5F500D88079 /* Statera */;
			targetProxy = 6B5C6C952AEEB5F500D88079 /* PBXContainerItemProxy */;
		};
		6B5C6CA02AEEB5F500D88079 /* PBXTargetDependency */ = {
			isa = PBXTargetDependency;
			target = 6B5C6C822AEEB5F500D88079 /* Statera */;
			targetProxy = 6B5C6C9F2AEEB5F500D88079 /* PBXContainerItemProxy */;
		};
/* End PBXTargetDependency section */

/* Begin XCBuildConfiguration section */
		6B5C6CA62AEEB5F500D88079 /* Debug */ = {
			isa = XCBuildConfiguration;
			buildSettings = {
				ALWAYS_SEARCH_USER_PATHS = NO;
				ASSETCATALOG_COMPILER_GENERATE_SWIFT_ASSET_SYMBOL_EXTENSIONS = YES;
				CLANG_ANALYZER_NONNULL = YES;
				CLANG_ANALYZER_NUMBER_OBJECT_CONVERSION = YES_AGGRESSIVE;
				CLANG_CXX_LANGUAGE_STANDARD = "gnu++20";
				CLANG_ENABLE_MODULES = YES;
				CLANG_ENABLE_OBJC_ARC = YES;
				CLANG_ENABLE_OBJC_WEAK = YES;
				CLANG_WARN_BLOCK_CAPTURE_AUTORELEASING = YES;
				CLANG_WARN_BOOL_CONVERSION = YES;
				CLANG_WARN_COMMA = YES;
				CLANG_WARN_CONSTANT_CONVERSION = YES;
				CLANG_WARN_DEPRECATED_OBJC_IMPLEMENTATIONS = YES;
				CLANG_WARN_DIRECT_OBJC_ISA_USAGE = YES_ERROR;
				CLANG_WARN_DOCUMENTATION_COMMENTS = YES;
				CLANG_WARN_EMPTY_BODY = YES;
				CLANG_WARN_ENUM_CONVERSION = YES;
				CLANG_WARN_INFINITE_RECURSION = YES;
				CLANG_WARN_INT_CONVERSION = YES;
				CLANG_WARN_NON_LITERAL_NULL_CONVERSION = YES;
				CLANG_WARN_OBJC_IMPLICIT_RETAIN_SELF = YES;
				CLANG_WARN_OBJC_LITERAL_CONVERSION = YES;
				CLANG_WARN_OBJC_ROOT_CLASS = YES_ERROR;
				CLANG_WARN_QUOTED_INCLUDE_IN_FRAMEWORK_HEADER = YES;
				CLANG_WARN_RANGE_LOOP_ANALYSIS = YES;
				CLANG_WARN_STRICT_PROTOTYPES = YES;
				CLANG_WARN_SUSPICIOUS_MOVE = YES;
				CLANG_WARN_UNGUARDED_AVAILABILITY = YES_AGGRESSIVE;
				CLANG_WARN_UNREACHABLE_CODE = YES;
				CLANG_WARN__DUPLICATE_METHOD_MATCH = YES;
				COPY_PHASE_STRIP = NO;
				DEBUG_INFORMATION_FORMAT = dwarf;
				ENABLE_STRICT_OBJC_MSGSEND = YES;
				ENABLE_TESTABILITY = YES;
				ENABLE_USER_SCRIPT_SANDBOXING = YES;
				GCC_C_LANGUAGE_STANDARD = gnu17;
				GCC_DYNAMIC_NO_PIC = NO;
				GCC_NO_COMMON_BLOCKS = YES;
				GCC_OPTIMIZATION_LEVEL = 0;
				GCC_PREPROCESSOR_DEFINITIONS = (
					"DEBUG=1",
					"$(inherited)",
				);
				GCC_WARN_64_TO_32_BIT_CONVERSION = YES;
				GCC_WARN_ABOUT_RETURN_TYPE = YES_ERROR;
				GCC_WARN_UNDECLARED_SELECTOR = YES;
				GCC_WARN_UNINITIALIZED_AUTOS = YES_AGGRESSIVE;
				GCC_WARN_UNUSED_FUNCTION = YES;
				GCC_WARN_UNUSED_VARIABLE = YES;
				LOCALIZATION_PREFERS_STRING_CATALOGS = YES;
				MTL_ENABLE_DEBUG_INFO = INCLUDE_SOURCE;
				MTL_FAST_MATH = YES;
				ONLY_ACTIVE_ARCH = YES;
				SWIFT_ACTIVE_COMPILATION_CONDITIONS = "DEBUG $(inherited)";
				SWIFT_OPTIMIZATION_LEVEL = "-Onone";
			};
			name = Debug;
		};
		6B5C6CA72AEEB5F500D88079 /* Release */ = {
			isa = XCBuildConfiguration;
			buildSettings = {
				ALWAYS_SEARCH_USER_PATHS = NO;
				ASSETCATALOG_COMPILER_GENERATE_SWIFT_ASSET_SYMBOL_EXTENSIONS = YES;
				CLANG_ANALYZER_NONNULL = YES;
				CLANG_ANALYZER_NUMBER_OBJECT_CONVERSION = YES_AGGRESSIVE;
				CLANG_CXX_LANGUAGE_STANDARD = "gnu++20";
				CLANG_ENABLE_MODULES = YES;
				CLANG_ENABLE_OBJC_ARC = YES;
				CLANG_ENABLE_OBJC_WEAK = YES;
				CLANG_WARN_BLOCK_CAPTURE_AUTORELEASING = YES;
				CLANG_WARN_BOOL_CONVERSION = YES;
				CLANG_WARN_COMMA = YES;
				CLANG_WARN_CONSTANT_CONVERSION = YES;
				CLANG_WARN_DEPRECATED_OBJC_IMPLEMENTATIONS = YES;
				CLANG_WARN_DIRECT_OBJC_ISA_USAGE = YES_ERROR;
				CLANG_WARN_DOCUMENTATION_COMMENTS = YES;
				CLANG_WARN_EMPTY_BODY = YES;
				CLANG_WARN_ENUM_CONVERSION = YES;
				CLANG_WARN_INFINITE_RECURSION = YES;
				CLANG_WARN_INT_CONVERSION = YES;
				CLANG_WARN_NON_LITERAL_NULL_CONVERSION = YES;
				CLANG_WARN_OBJC_IMPLICIT_RETAIN_SELF = YES;
				CLANG_WARN_OBJC_LITERAL_CONVERSION = YES;
				CLANG_WARN_OBJC_ROOT_CLASS = YES_ERROR;
				CLANG_WARN_QUOTED_INCLUDE_IN_FRAMEWORK_HEADER = YES;
				CLANG_WARN_RANGE_LOOP_ANALYSIS = YES;
				CLANG_WARN_STRICT_PROTOTYPES = YES;
				CLANG_WARN_SUSPICIOUS_MOVE = YES;
				CLANG_WARN_UNGUARDED_AVAILABILITY = YES_AGGRESSIVE;
				CLANG_WARN_UNREACHABLE_CODE = YES;
				CLANG_WARN__DUPLICATE_METHOD_MATCH = YES;
				COPY_PHASE_STRIP = NO;
				DEBUG_INFORMATION_FORMAT = "dwarf-with-dsym";
				ENABLE_NS_ASSERTIONS = NO;
				ENABLE_STRICT_OBJC_MSGSEND = YES;
				ENABLE_USER_SCRIPT_SANDBOXING = YES;
				GCC_C_LANGUAGE_STANDARD = gnu17;
				GCC_NO_COMMON_BLOCKS = YES;
				GCC_WARN_64_TO_32_BIT_CONVERSION = YES;
				GCC_WARN_ABOUT_RETURN_TYPE = YES_ERROR;
				GCC_WARN_UNDECLARED_SELECTOR = YES;
				GCC_WARN_UNINITIALIZED_AUTOS = YES_AGGRESSIVE;
				GCC_WARN_UNUSED_FUNCTION = YES;
				GCC_WARN_UNUSED_VARIABLE = YES;
				LOCALIZATION_PREFERS_STRING_CATALOGS = YES;
				MTL_ENABLE_DEBUG_INFO = NO;
				MTL_FAST_MATH = YES;
				SWIFT_COMPILATION_MODE = wholemodule;
			};
			name = Release;
		};
		6B5C6CA92AEEB5F500D88079 /* Debug */ = {
			isa = XCBuildConfiguration;
			buildSettings = {
				ASSETCATALOG_COMPILER_APPICON_NAME = AppIcon;
				ASSETCATALOG_COMPILER_GLOBAL_ACCENT_COLOR_NAME = AccentColor;
				CODE_SIGN_ENTITLEMENTS = Statera/Statera.entitlements;
				CODE_SIGN_STYLE = Automatic;
				CURRENT_PROJECT_VERSION = 1;
				DEVELOPMENT_ASSET_PATHS = "\"Statera/Preview Content\"";
				DEVELOPMENT_TEAM = 38AN8KZ7HW;
				ENABLE_HARDENED_RUNTIME = YES;
				ENABLE_PREVIEWS = YES;
				GENERATE_INFOPLIST_FILE = YES;
				"INFOPLIST_KEY_UIApplicationSceneManifest_Generation[sdk=iphoneos*]" = YES;
				"INFOPLIST_KEY_UIApplicationSceneManifest_Generation[sdk=iphonesimulator*]" = YES;
				"INFOPLIST_KEY_UIApplicationSupportsIndirectInputEvents[sdk=iphoneos*]" = YES;
				"INFOPLIST_KEY_UIApplicationSupportsIndirectInputEvents[sdk=iphonesimulator*]" = YES;
				"INFOPLIST_KEY_UILaunchScreen_Generation[sdk=iphoneos*]" = YES;
				"INFOPLIST_KEY_UILaunchScreen_Generation[sdk=iphonesimulator*]" = YES;
				"INFOPLIST_KEY_UIStatusBarStyle[sdk=iphoneos*]" = UIStatusBarStyleDefault;
				"INFOPLIST_KEY_UIStatusBarStyle[sdk=iphonesimulator*]" = UIStatusBarStyleDefault;
				INFOPLIST_KEY_UISupportedInterfaceOrientations_iPad = "UIInterfaceOrientationPortrait UIInterfaceOrientationPortraitUpsideDown UIInterfaceOrientationLandscapeLeft UIInterfaceOrientationLandscapeRight";
				INFOPLIST_KEY_UISupportedInterfaceOrientations_iPhone = "UIInterfaceOrientationPortrait UIInterfaceOrientationLandscapeLeft UIInterfaceOrientationLandscapeRight";
				IPHONEOS_DEPLOYMENT_TARGET = 17.0;
				LD_RUNPATH_SEARCH_PATHS = "@executable_path/Frameworks";
				"LD_RUNPATH_SEARCH_PATHS[sdk=macosx*]" = "@executable_path/../Frameworks";
				MACOSX_DEPLOYMENT_TARGET = 14.0;
				MARKETING_VERSION = 1.0;
				PRODUCT_BUNDLE_IDENTIFIER = com.ian.statera;
				PRODUCT_NAME = "$(TARGET_NAME)";
				SDKROOT = auto;
				SUPPORTED_PLATFORMS = "iphoneos iphonesimulator macosx";
				SWIFT_EMIT_LOC_STRINGS = YES;
				SWIFT_VERSION = 5.0;
				TARGETED_DEVICE_FAMILY = "1,2";
			};
			name = Debug;
		};
		6B5C6CAA2AEEB5F500D88079 /* Release */ = {
			isa = XCBuildConfiguration;
			buildSettings = {
				ASSETCATALOG_COMPILER_APPICON_NAME = AppIcon;
				ASSETCATALOG_COMPILER_GLOBAL_ACCENT_COLOR_NAME = AccentColor;
				CODE_SIGN_ENTITLEMENTS = Statera/Statera.entitlements;
				CODE_SIGN_STYLE = Automatic;
				CURRENT_PROJECT_VERSION = 1;
				DEVELOPMENT_ASSET_PATHS = "\"Statera/Preview Content\"";
				DEVELOPMENT_TEAM = 38AN8KZ7HW;
				ENABLE_HARDENED_RUNTIME = YES;
				ENABLE_PREVIEWS = YES;
				GENERATE_INFOPLIST_FILE = YES;
				"INFOPLIST_KEY_UIApplicationSceneManifest_Generation[sdk=iphoneos*]" = YES;
				"INFOPLIST_KEY_UIApplicationSceneManifest_Generation[sdk=iphonesimulator*]" = YES;
				"INFOPLIST_KEY_UIApplicationSupportsIndirectInputEvents[sdk=iphoneos*]" = YES;
				"INFOPLIST_KEY_UIApplicationSupportsIndirectInputEvents[sdk=iphonesimulator*]" = YES;
				"INFOPLIST_KEY_UILaunchScreen_Generation[sdk=iphoneos*]" = YES;
				"INFOPLIST_KEY_UILaunchScreen_Generation[sdk=iphonesimulator*]" = YES;
				"INFOPLIST_KEY_UIStatusBarStyle[sdk=iphoneos*]" = UIStatusBarStyleDefault;
				"INFOPLIST_KEY_UIStatusBarStyle[sdk=iphonesimulator*]" = UIStatusBarStyleDefault;
				INFOPLIST_KEY_UISupportedInterfaceOrientations_iPad = "UIInterfaceOrientationPortrait UIInterfaceOrientationPortraitUpsideDown UIInterfaceOrientationLandscapeLeft UIInterfaceOrientationLandscapeRight";
				INFOPLIST_KEY_UISupportedInterfaceOrientations_iPhone = "UIInterfaceOrientationPortrait UIInterfaceOrientationLandscapeLeft UIInterfaceOrientationLandscapeRight";
				IPHONEOS_DEPLOYMENT_TARGET = 17.0;
				LD_RUNPATH_SEARCH_PATHS = "@executable_path/Frameworks";
				"LD_RUNPATH_SEARCH_PATHS[sdk=macosx*]" = "@executable_path/../Frameworks";
				MACOSX_DEPLOYMENT_TARGET = 14.0;
				MARKETING_VERSION = 1.0;
				PRODUCT_BUNDLE_IDENTIFIER = com.ian.statera;
				PRODUCT_NAME = "$(TARGET_NAME)";
				SDKROOT = auto;
				SUPPORTED_PLATFORMS = "iphoneos iphonesimulator macosx";
				SWIFT_EMIT_LOC_STRINGS = YES;
				SWIFT_VERSION = 5.0;
				TARGETED_DEVICE_FAMILY = "1,2";
			};
			name = Release;
		};
		6B5C6CAC2AEEB5F500D88079 /* Debug */ = {
			isa = XCBuildConfiguration;
			buildSettings = {
				ALWAYS_EMBED_SWIFT_STANDARD_LIBRARIES = YES;
				BUNDLE_LOADER = "$(TEST_HOST)";
				CODE_SIGN_STYLE = Automatic;
				CURRENT_PROJECT_VERSION = 1;
				DEVELOPMENT_TEAM = 38AN8KZ7HW;
				GENERATE_INFOPLIST_FILE = YES;
				IPHONEOS_DEPLOYMENT_TARGET = 17.0;
				MACOSX_DEPLOYMENT_TARGET = 14.0;
				MARKETING_VERSION = 1.0;
				PRODUCT_BUNDLE_IDENTIFIER = com.ian.StateraTests;
				PRODUCT_NAME = "$(TARGET_NAME)";
				SDKROOT = auto;
				SUPPORTED_PLATFORMS = "iphoneos iphonesimulator macosx";
				SWIFT_EMIT_LOC_STRINGS = NO;
				SWIFT_VERSION = 5.0;
				TARGETED_DEVICE_FAMILY = "1,2";
				TEST_HOST = "$(BUILT_PRODUCTS_DIR)/Statera.app/$(BUNDLE_EXECUTABLE_FOLDER_PATH)/Statera";
			};
			name = Debug;
		};
		6B5C6CAD2AEEB5F500D88079 /* Release */ = {
			isa = XCBuildConfiguration;
			buildSettings = {
				ALWAYS_EMBED_SWIFT_STANDARD_LIBRARIES = YES;
				BUNDLE_LOADER = "$(TEST_HOST)";
				CODE_SIGN_STYLE = Automatic;
				CURRENT_PROJECT_VERSION = 1;
				DEVELOPMENT_TEAM = 38AN8KZ7HW;
				GENERATE_INFOPLIST_FILE = YES;
				IPHONEOS_DEPLOYMENT_TARGET = 17.0;
				MACOSX_DEPLOYMENT_TARGET = 14.0;
				MARKETING_VERSION = 1.0;
				PRODUCT_BUNDLE_IDENTIFIER = com.ian.StateraTests;
				PRODUCT_NAME = "$(TARGET_NAME)";
				SDKROOT = auto;
				SUPPORTED_PLATFORMS = "iphoneos iphonesimulator macosx";
				SWIFT_EMIT_LOC_STRINGS = NO;
				SWIFT_VERSION = 5.0;
				TARGETED_DEVICE_FAMILY = "1,2";
				TEST_HOST = "$(BUILT_PRODUCTS_DIR)/Statera.app/$(BUNDLE_EXECUTABLE_FOLDER_PATH)/Statera";
			};
			name = Release;
		};
		6B5C6CAF2AEEB5F500D88079 /* Debug */ = {
			isa = XCBuildConfiguration;
			buildSettings = {
				ALWAYS_EMBED_SWIFT_STANDARD_LIBRARIES = YES;
				CODE_SIGN_STYLE = Automatic;
				CURRENT_PROJECT_VERSION = 1;
				DEVELOPMENT_TEAM = 38AN8KZ7HW;
				GENERATE_INFOPLIST_FILE = YES;
				IPHONEOS_DEPLOYMENT_TARGET = 17.0;
				MACOSX_DEPLOYMENT_TARGET = 14.0;
				MARKETING_VERSION = 1.0;
				PRODUCT_BUNDLE_IDENTIFIER = com.ian.StateraUITests;
				PRODUCT_NAME = "$(TARGET_NAME)";
				SDKROOT = auto;
				SUPPORTED_PLATFORMS = "iphoneos iphonesimulator macosx";
				SWIFT_EMIT_LOC_STRINGS = NO;
				SWIFT_VERSION = 5.0;
				TARGETED_DEVICE_FAMILY = "1,2";
				TEST_TARGET_NAME = Statera;
			};
			name = Debug;
		};
		6B5C6CB02AEEB5F500D88079 /* Release */ = {
			isa = XCBuildConfiguration;
			buildSettings = {
				ALWAYS_EMBED_SWIFT_STANDARD_LIBRARIES = YES;
				CODE_SIGN_STYLE = Automatic;
				CURRENT_PROJECT_VERSION = 1;
				DEVELOPMENT_TEAM = 38AN8KZ7HW;
				GENERATE_INFOPLIST_FILE = YES;
				IPHONEOS_DEPLOYMENT_TARGET = 17.0;
				MACOSX_DEPLOYMENT_TARGET = 14.0;
				MARKETING_VERSION = 1.0;
				PRODUCT_BUNDLE_IDENTIFIER = com.ian.StateraUITests;
				PRODUCT_NAME = "$(TARGET_NAME)";
				SDKROOT = auto;
				SUPPORTED_PLATFORMS = "iphoneos iphonesimulator macosx";
				SWIFT_EMIT_LOC_STRINGS = NO;
				SWIFT_VERSION = 5.0;
				TARGETED_DEVICE_FAMILY = "1,2";
				TEST_TARGET_NAME = Statera;
			};
			name = Release;
		};
/* End XCBuildConfiguration section */

/* Begin XCConfigurationList section */
		6B5C6C7E2AEEB5F500D88079 /* Build configuration list for PBXProject "Statera" */ = {
			isa = XCConfigurationList;
			buildConfigurations = (
				6B5C6CA62AEEB5F500D88079 /* Debug */,
				6B5C6CA72AEEB5F500D88079 /* Release */,
			);
			defaultConfigurationIsVisible = 0;
			defaultConfigurationName = Release;
		};
		6B5C6CA82AEEB5F500D88079 /* Build configuration list for PBXNativeTarget "Statera" */ = {
			isa = XCConfigurationList;
			buildConfigurations = (
				6B5C6CA92AEEB5F500D88079 /* Debug */,
				6B5C6CAA2AEEB5F500D88079 /* Release */,
			);
			defaultConfigurationIsVisible = 0;
			defaultConfigurationName = Release;
		};
		6B5C6CAB2AEEB5F500D88079 /* Build configuration list for PBXNativeTarget "StateraTests" */ = {
			isa = XCConfigurationList;
			buildConfigurations = (
				6B5C6CAC2AEEB5F500D88079 /* Debug */,
				6B5C6CAD2AEEB5F500D88079 /* Release */,
			);
			defaultConfigurationIsVisible = 0;
			defaultConfigurationName = Release;
		};
		6B5C6CAE2AEEB5F500D88079 /* Build configuration list for PBXNativeTarget "StateraUITests" */ = {
			isa = XCConfigurationList;
			buildConfigurations = (
				6B5C6CAF2AEEB5F500D88079 /* Debug */,
				6B5C6CB02AEEB5F500D88079 /* Release */,
			);
			defaultConfigurationIsVisible = 0;
			defaultConfigurationName = Release;
		};
/* End XCConfigurationList section */

/* Begin XCRemoteSwiftPackageReference section */
		6B6BABFB2B33B734008C72AB /* XCRemoteSwiftPackageReference "firebase-ios-sdk" */ = {
			isa = XCRemoteSwiftPackageReference;
			repositoryURL = "https://github.com/firebase/firebase-ios-sdk.git";
			requirement = {
				kind = upToNextMajorVersion;
				minimumVersion = 10.19.1;
			};
		};
/* End XCRemoteSwiftPackageReference section */

/* Begin XCSwiftPackageProductDependency section */
		6B6BABFC2B33B734008C72AB /* FirebaseAnalytics */ = {
			isa = XCSwiftPackageProductDependency;
			package = 6B6BABFB2B33B734008C72AB /* XCRemoteSwiftPackageReference "firebase-ios-sdk" */;
			productName = FirebaseAnalytics;
		};
		6B6BABFE2B33B734008C72AB /* FirebaseAuth */ = {
			isa = XCSwiftPackageProductDependency;
			package = 6B6BABFB2B33B734008C72AB /* XCRemoteSwiftPackageReference "firebase-ios-sdk" */;
			productName = FirebaseAuth;
		};
		6B6BAC002B33B734008C72AB /* FirebaseFirestore */ = {
			isa = XCSwiftPackageProductDependency;
			package = 6B6BABFB2B33B734008C72AB /* XCRemoteSwiftPackageReference "firebase-ios-sdk" */;
			productName = FirebaseFirestore;
		};
		6B6BAC022B33B734008C72AB /* FirebaseFirestoreSwift */ = {
			isa = XCSwiftPackageProductDependency;
			package = 6B6BABFB2B33B734008C72AB /* XCRemoteSwiftPackageReference "firebase-ios-sdk" */;
			productName = FirebaseFirestoreSwift;
		};
/* End XCSwiftPackageProductDependency section */
	};
	rootObject = 6B5C6C7B2AEEB5F500D88079 /* Project object */;
}
